{
    "_readme": [
        "This file locks the dependencies of your project to a known state",
        "Read more about it at https://getcomposer.org/doc/01-basic-usage.md#composer-lock-the-lock-file",
        "This file is @generated automatically"
    ],
    "hash": "bccc886c2451ed422d48e1c2f1485314",
    "content-hash": "48c31b09590c09a3ba35521beb5fb949",
    "packages": [
        {
            "name": "ashrafi/php-connectors",
            "version": "1.0.2",
            "source": {
                "type": "git",
                "url": "https://github.com/ashrafimanesh/phpConnectors.git",
                "reference": "be53b61b77b18e9ee9b38e2fe0949054fc8850d4"
            },
            "dist": {
                "type": "zip",
                "url": "https://api.github.com/repos/ashrafimanesh/phpConnectors/zipball/be53b61b77b18e9ee9b38e2fe0949054fc8850d4",
                "reference": "be53b61b77b18e9ee9b38e2fe0949054fc8850d4",
                "shasum": ""
            },
            "require": {
                "php": ">=5.5.9"
            },
            "type": "library",
            "autoload": {
                "psr-4": {
                    "Ashrafi\\PhpConnectors\\": "src/"
                }
            },
            "notification-url": "https://packagist.org/downloads/",
            "license": [
                "MIT"
            ],
            "authors": [
                {
                    "name": "ramin",
                    "email": "ashrafimanesh@gmail.com"
                }
            ],
            "description": "php curl soap connectors",
            "time": "2017-03-31 08:37:47"
        }
    ],
    "packages-dev": [],
    "aliases": [],
    "minimum-stability": "dev",
    "stability-flags": [],
    "prefer-stable": false,
    "prefer-lowest": false,
    "platform": {
        "php": ">=5.2"
    },
    "platform-dev": []
}
